
Microsoft Visual Studio Solution File, Format Version 12.00
# Visual Studio 15
VisualStudioVersion = 15.0.27130.2010
MinimumVisualStudioVersion = 10.0.40219.1
Project("{9A19103F-16F7-4668-BE54-9A1E7A4F7556}") = "BonniesDiner", "BonniesDiner\BonniesDiner.csproj", "{78E6FE10-55FA-476A-8366-79F684101941}"
EndProject
Global
	GlobalSection(SolutionConfigurationPlatforms) = preSolution
		Debug|Any CPU = Debug|Any CPU
		Release|Any CPU = Release|Any CPU
	EndGlobalSection
	GlobalSection(ProjectConfigurationPlatforms) = postSolution
		{78E6FE10-55FA-476A-8366-79F684101941}.Debug|Any CPU.ActiveCfg = Debug|Any CPU
		{78E6FE10-55FA-476A-8366-79F684101941}.Debug|Any CPU.Build.0 = Debug|Any CPU
		{78E6FE10-55FA-476A-8366-79F684101941}.Release|Any CPU.ActiveCfg = Release|Any CPU
		{78E6FE10-55FA-476A-8366-79F684101941}.Release|Any CPU.Build.0 = Release|Any CPU
	EndGlobalSection
	GlobalSection(SolutionProperties) = preSolution
		HideSolutionNode = FALSE
	EndGlobalSection
	GlobalSection(ExtensibilityGlobals) = postSolution
		SolutionGuid = {D12EF4F7-FD1D-4227-B9FB-BC7957E1B21B}
	EndGlobalSection
EndGlobal
